// !$*UTF8*$!
{
	archiveVersion = 1;
	classes = {
	};
	objectVersion = 50;
	objects = {

/* Begin PBXBuildFile section */
		088F774322525CCA0003EAA8 /* RollsView.swift in Sources */ = {isa = PBXBuildFile; fileRef = 088F774222525CCA0003EAA8 /* RollsView.swift */; };
		08B711012237F1D30022CC56 /* AppDelegate.swift in Sources */ = {isa = PBXBuildFile; fileRef = 08B711002237F1D30022CC56 /* AppDelegate.swift */; };
		08B711032237F1D40022CC56 /* Assets.xcassets in Resources */ = {isa = PBXBuildFile; fileRef = 08B711022237F1D40022CC56 /* Assets.xcassets */; };
		08B711062237F1D40022CC56 /* MainMenu.xib in Resources */ = {isa = PBXBuildFile; fileRef = 08B711042237F1D40022CC56 /* MainMenu.xib */; };
		08B7110F2237F3620022CC56 /* AudienceView.swift in Sources */ = {isa = PBXBuildFile; fileRef = 08B7110E2237F3610022CC56 /* AudienceView.swift */; };
		08B711142237F49A0022CC56 /* SnapKit.framework in Frameworks */ = {isa = PBXBuildFile; fileRef = 08B711132237F49A0022CC56 /* SnapKit.framework */; };
/* End PBXBuildFile section */

/* Begin PBXFileReference section */
		088F774222525CCA0003EAA8 /* RollsView.swift */ = {isa = PBXFileReference; lastKnownFileType = sourcecode.swift; path = RollsView.swift; sourceTree = "<group>"; };
		08B710FD2237F1D30022CC56 /* Audience.app */ = {isa = PBXFileReference; explicitFileType = wrapper.application; includeInIndex = 0; path = Audience.app; sourceTree = BUILT_PRODUCTS_DIR; };
		08B711002237F1D30022CC56 /* AppDelegate.swift */ = {isa = PBXFileReference; lastKnownFileType = sourcecode.swift; path = AppDelegate.swift; sourceTree = "<group>"; };
		08B711022237F1D40022CC56 /* Assets.xcassets */ = {isa = PBXFileReference; lastKnownFileType = folder.assetcatalog; path = Assets.xcassets; sourceTree = "<group>"; };
		08B711052237F1D40022CC56 /* Base */ = {isa = PBXFileReference; lastKnownFileType = file.xib; name = Base; path = Base.lproj/MainMenu.xib; sourceTree = "<group>"; };
		08B711072237F1D40022CC56 /* Info.plist */ = {isa = PBXFileReference; lastKnownFileType = text.plist.xml; path = Info.plist; sourceTree = "<group>"; };
		08B711082237F1D40022CC56 /* Audience.entitlements */ = {isa = PBXFileReference; lastKnownFileType = text.plist.entitlements; path = Audience.entitlements; sourceTree = "<group>"; };
		08B7110E2237F3610022CC56 /* AudienceView.swift */ = {isa = PBXFileReference; lastKnownFileType = sourcecode.swift; path = AudienceView.swift; sourceTree = "<group>"; };
		08B711132237F49A0022CC56 /* SnapKit.framework */ = {isa = PBXFileReference; lastKnownFileType = wrapper.framework; name = SnapKit.framework; path = Carthage/Build/Mac/SnapKit.framework; sourceTree = "<group>"; };
/* End PBXFileReference section */

/* Begin PBXFrameworksBuildPhase section */
		08B710FA2237F1D30022CC56 /* Frameworks */ = {
			isa = PBXFrameworksBuildPhase;
			buildActionMask = 2147483647;
			files = (
				08B711142237F49A0022CC56 /* SnapKit.framework in Frameworks */,
			);
			runOnlyForDeploymentPostprocessing = 0;
		};
/* End PBXFrameworksBuildPhase section */

/* Begin PBXGroup section */
		08B710F42237F1D30022CC56 = {
			isa = PBXGroup;
			children = (
				08B710FF2237F1D30022CC56 /* Audience */,
				08B710FE2237F1D30022CC56 /* Products */,
				08B711122237F49A0022CC56 /* Frameworks */,
			);
			sourceTree = "<group>";
		};
		08B710FE2237F1D30022CC56 /* Products */ = {
			isa = PBXGroup;
			children = (
				08B710FD2237F1D30022CC56 /* Audience.app */,
			);
			name = Products;
			sourceTree = "<group>";
		};
		08B710FF2237F1D30022CC56 /* Audience */ = {
			isa = PBXGroup;
			children = (
				08B711002237F1D30022CC56 /* AppDelegate.swift */,
				08B7110E2237F3610022CC56 /* AudienceView.swift */,
				088F774222525CCA0003EAA8 /* RollsView.swift */,
				08B711022237F1D40022CC56 /* Assets.xcassets */,
				08B711042237F1D40022CC56 /* MainMenu.xib */,
				08B711072237F1D40022CC56 /* Info.plist */,
				08B711082237F1D40022CC56 /* Audience.entitlements */,
			);
			path = Audience;
			sourceTree = "<group>";
		};
		08B711122237F49A0022CC56 /* Frameworks */ = {
			isa = PBXGroup;
			children = (
				08B711132237F49A0022CC56 /* SnapKit.framework */,
			);
			name = Frameworks;
			sourceTree = "<group>";
		};
/* End PBXGroup section */

/* Begin PBXNativeTarget section */
		08B710FC2237F1D30022CC56 /* Audience */ = {
			isa = PBXNativeTarget;
			buildConfigurationList = 08B7110B2237F1D40022CC56 /* Build configuration list for PBXNativeTarget "Audience" */;
			buildPhases = (
				08B710F92237F1D30022CC56 /* Sources */,
				08B710FA2237F1D30022CC56 /* Frameworks */,
				08B710FB2237F1D30022CC56 /* Resources */,
				08B711112237F4580022CC56 /* ShellScript */,
			);
			buildRules = (
			);
			dependencies = (
			);
			name = Audience;
			productName = Audience;
			productReference = 08B710FD2237F1D30022CC56 /* Audience.app */;
			productType = "com.apple.product-type.application";
		};
/* End PBXNativeTarget section */

/* Begin PBXProject section */
		08B710F52237F1D30022CC56 /* Project object */ = {
			isa = PBXProject;
			attributes = {
				LastSwiftUpdateCheck = 1010;
				LastUpgradeCheck = 1010;
				ORGANIZATIONNAME = "Atsushi Jike";
				TargetAttributes = {
					08B710FC2237F1D30022CC56 = {
						CreatedOnToolsVersion = 10.1;
					};
				};
			};
			buildConfigurationList = 08B710F82237F1D30022CC56 /* Build configuration list for PBXProject "Audience" */;
			compatibilityVersion = "Xcode 9.3";
			developmentRegion = en;
			hasScannedForEncodings = 0;
			knownRegions = (
				en,
				Base,
			);
			mainGroup = 08B710F42237F1D30022CC56;
			productRefGroup = 08B710FE2237F1D30022CC56 /* Products */;
			projectDirPath = "";
			projectRoot = "";
			targets = (
				08B710FC2237F1D30022CC56 /* Audience */,
			);
		};
/* End PBXProject section */

/* Begin PBXResourcesBuildPhase section */
		08B710FB2237F1D30022CC56 /* Resources */ = {
			isa = PBXResourcesBuildPhase;
			buildActionMask = 2147483647;
			files = (
				08B711032237F1D40022CC56 /* Assets.xcassets in Resources */,
				08B711062237F1D40022CC56 /* MainMenu.xib in Resources */,
			);
			runOnlyForDeploymentPostprocessing = 0;
		};
/* End PBXResourcesBuildPhase section */

/* Begin PBXShellScriptBuildPhase section */
		08B711112237F4580022CC56 /* ShellScript */ = {
			isa = PBXShellScriptBuildPhase;
			buildActionMask = 2147483647;
			files = (
			);
			inputFileListPaths = (
			);
			inputPaths = (
				"$(SRCROOT)/Carthage/Build/Mac/SnapKit.framework",
			);
			outputFileListPaths = (
			);
			outputPaths = (
			);
			runOnlyForDeploymentPostprocessing = 0;
			shellPath = /bin/sh;
			shellScript = "/usr/local/bin/carthage copy-frameworks\n";
		};
/* End PBXShellScriptBuildPhase section */

/* Begin PBXSourcesBuildPhase section */
		08B710F92237F1D30022CC56 /* Sources */ = {
			isa = PBXSourcesBuildPhase;
			buildActionMask = 2147483647;
			files = (
				088F774322525CCA0003EAA8 /* RollsView.swift in Sources */,
				08B7110F2237F3620022CC56 /* AudienceView.swift in Sources */,
				08B711012237F1D30022CC56 /* AppDelegate.swift in Sources */,
			);
			runOnlyForDeploymentPostprocessing = 0;
		};
/* End PBXSourcesBuildPhase section */

/* Begin PBXVariantGroup section */
		08B711042237F1D40022CC56 /* MainMenu.xib */ = {
			isa = PBXVariantGroup;
			children = (
				08B711052237F1D40022CC56 /* Base */,
			);
			name = MainMenu.xib;
			sourceTree = "<group>";
		};
/* End PBXVariantGroup section */

/* Begin XCBuildConfiguration section */
		08B711092237F1D40022CC56 /* Debug */ = {
			isa = XCBuildConfiguration;
			buildSettings = {
				ALWAYS_SEARCH_USER_PATHS = NO;
				CLANG_ANALYZER_NONNULL = YES;
				CLANG_ANALYZER_NUMBER_OBJECT_CONVERSION = YES_AGGRESSIVE;
				CLANG_CXX_LANGUAGE_STANDARD = "gnu++14";
				CLANG_CXX_LIBRARY = "libc++";
				CLANG_ENABLE_MODULES = YES;
				CLANG_ENABLE_OBJC_ARC = YES;
				CLANG_ENABLE_OBJC_WEAK = YES;
				CLANG_WARN_BLOCK_CAPTURE_AUTORELEASING = YES;
				CLANG_WARN_BOOL_CONVERSION = YES;
				CLANG_WARN_COMMA = YES;
				CLANG_WARN_CONSTANT_CONVERSION = YES;
				CLANG_WARN_DEPRECATED_OBJC_IMPLEMENTATIONS = YES;
				CLANG_WARN_DIRECT_OBJC_ISA_USAGE = YES_ERROR;
				CLANG_WARN_DOCUMENTATION_COMMENTS = YES;
				CLANG_WARN_EMPTY_BODY = YES;
				CLANG_WARN_ENUM_CONVERSION = YES;
				CLANG_WARN_INFINITE_RECURSION = YES;
				CLANG_WARN_INT_CONVERSION = YES;
				CLANG_WARN_NON_LITERAL_NULL_CONVERSION = YES;
				CLANG_WARN_OBJC_IMPLICIT_RETAIN_SELF = YES;
				CLANG_WARN_OBJC_LITERAL_CONVERSION = YES;
				CLANG_WARN_OBJC_ROOT_CLASS = YES_ERROR;
				CLANG_WARN_RANGE_LOOP_ANALYSIS = YES;
				CLANG_WARN_STRICT_PROTOTYPES = YES;
				CLANG_WARN_SUSPICIOUS_MOVE = YES;
				CLANG_WARN_UNGUARDED_AVAILABILITY = YES_AGGRESSIVE;
				CLANG_WARN_UNREACHABLE_CODE = YES;
				CLANG_WARN__DUPLICATE_METHOD_MATCH = YES;
				CODE_SIGN_IDENTITY = "-";
				COPY_PHASE_STRIP = NO;
				DEBUG_INFORMATION_FORMAT = dwarf;
				ENABLE_STRICT_OBJC_MSGSEND = YES;
				ENABLE_TESTABILITY = YES;
				GCC_C_LANGUAGE_STANDARD = gnu11;
				GCC_DYNAMIC_NO_PIC = NO;
				GCC_NO_COMMON_BLOCKS = YES;
				GCC_OPTIMIZATION_LEVEL = 0;
				GCC_PREPROCESSOR_DEFINITIONS = (
					"DEBUG=1",
					"$(inherited)",
				);
				GCC_WARN_64_TO_32_BIT_CONVERSION = YES;
				GCC_WARN_ABOUT_RETURN_TYPE = YES_ERROR;
				GCC_WARN_UNDECLARED_SELECTOR = YES;
				GCC_WARN_UNINITIALIZED_AUTOS = YES_AGGRESSIVE;
				GCC_WARN_UNUSED_FUNCTION = YES;
				GCC_WARN_UNUSED_VARIABLE = YES;
				MACOSX_DEPLOYMENT_TARGET = 10.14;
				MTL_ENABLE_DEBUG_INFO = INCLUDE_SOURCE;
				MTL_FAST_MATH = YES;
				ONLY_ACTIVE_ARCH = YES;
				SDKROOT = macosx;
				SWIFT_ACTIVE_COMPILATION_CONDITIONS = DEBUG;
				SWIFT_OPTIMIZATION_LEVEL = "-Onone";
			};
			name = Debug;
		};
		08B7110A2237F1D40022CC56 /* Release */ = {
			isa = XCBuildConfiguration;
			buildSettings = {
				ALWAYS_SEARCH_USER_PATHS = NO;
				CLANG_ANALYZER_NONNULL = YES;
				CLANG_ANALYZER_NUMBER_OBJECT_CONVERSION = YES_AGGRESSIVE;
				CLANG_CXX_LANGUAGE_STANDARD = "gnu++14";
				CLANG_CXX_LIBRARY = "libc++";
				CLANG_ENABLE_MODULES = YES;
				CLANG_ENABLE_OBJC_ARC = YES;
				CLANG_ENABLE_OBJC_WEAK = YES;
				CLANG_WARN_BLOCK_CAPTURE_AUTORELEASING = YES;
				CLANG_WARN_BOOL_CONVERSION = YES;
				CLANG_WARN_COMMA = YES;
				CLANG_WARN_CONSTANT_CONVERSION = YES;
				CLANG_WARN_DEPRECATED_OBJC_IMPLEMENTATIONS = YES;
				CLANG_WARN_DIRECT_OBJC_ISA_USAGE = YES_ERROR;
				CLANG_WARN_DOCUMENTATION_COMMENTS = YES;
				CLANG_WARN_EMPTY_BODY = YES;
				CLANG_WARN_ENUM_CONVERSION = YES;
				CLANG_WARN_INFINITE_RECURSION = YES;
				CLANG_WARN_INT_CONVERSION = YES;
				CLANG_WARN_NON_LITERAL_NULL_CONVERSION = YES;
				CLANG_WARN_OBJC_IMPLICIT_RETAIN_SELF = YES;
				CLANG_WARN_OBJC_LITERAL_CONVERSION = YES;
				CLANG_WARN_OBJC_ROOT_CLASS = YES_ERROR;
				CLANG_WARN_RANGE_LOOP_ANALYSIS = YES;
				CLANG_WARN_STRICT_PROTOTYPES = YES;
				CLANG_WARN_SUSPICIOUS_MOVE = YES;
				CLANG_WARN_UNGUARDED_AVAILABILITY = YES_AGGRESSIVE;
				CLANG_WARN_UNREACHABLE_CODE = YES;
				CLANG_WARN__DUPLICATE_METHOD_MATCH = YES;
				CODE_SIGN_IDENTITY = "-";
				COPY_PHASE_STRIP = NO;
				DEBUG_INFORMATION_FORMAT = "dwarf-with-dsym";
				ENABLE_NS_ASSERTIONS = NO;
				ENABLE_STRICT_OBJC_MSGSEND = YES;
				GCC_C_LANGUAGE_STANDARD = gnu11;
				GCC_NO_COMMON_BLOCKS = YES;
				GCC_WARN_64_TO_32_BIT_CONVERSION = YES;
				GCC_WARN_ABOUT_RETURN_TYPE = YES_ERROR;
				GCC_WARN_UNDECLARED_SELECTOR = YES;
				GCC_WARN_UNINITIALIZED_AUTOS = YES_AGGRESSIVE;
				GCC_WARN_UNUSED_FUNCTION = YES;
				GCC_WARN_UNUSED_VARIABLE = YES;
				MACOSX_DEPLOYMENT_TARGET = 10.14;
				MTL_ENABLE_DEBUG_INFO = NO;
				MTL_FAST_MATH = YES;
				SDKROOT = macosx;
				SWIFT_COMPILATION_MODE = wholemodule;
				SWIFT_OPTIMIZATION_LEVEL = "-O";
			};
			name = Release;
		};
		08B7110C2237F1D40022CC56 /* Debug */ = {
			isa = XCBuildConfiguration;
			buildSettings = {
				ASSETCATALOG_COMPILER_APPICON_NAME = AppIcon;
				CODE_SIGN_ENTITLEMENTS = Audience/Audience.entitlements;
				CODE_SIGN_STYLE = Automatic;
				COMBINE_HIDPI_IMAGES = YES;
				FRAMEWORK_SEARCH_PATHS = (
					"$(inherited)",
					"$(PROJECT_DIR)/Carthage/Build/Mac",
				);
				INFOPLIST_FILE = Audience/Info.plist;
				LD_RUNPATH_SEARCH_PATHS = (
					"$(inherited)",
					"@executable_path/../Frameworks",
				);
				PRODUCT_BUNDLE_IDENTIFIER = com.sevenblox.Audience;
				PRODUCT_NAME = "$(TARGET_NAME)";
				SWIFT_VERSION = 4.2;
			};
			name = Debug;
		};
		08B7110D2237F1D40022CC56 /* Release */ = {
			isa = XCBuildConfiguration;
			buildSettings = {
				ASSETCATALOG_COMPILER_APPICON_NAME = AppIcon;
				CODE_SIGN_ENTITLEMENTS = Audience/Audience.entitlements;
				CODE_SIGN_STYLE = Automatic;
				COMBINE_HIDPI_IMAGES = YES;
				FRAMEWORK_SEARCH_PATHS = (
					"$(inherited)",
					"$(PROJECT_DIR)/Carthage/Build/Mac",
				);
				INFOPLIST_FILE = Audience/Info.plist;
				LD_RUNPATH_SEARCH_PATHS = (
					"$(inherited)",
					"@executable_path/../Frameworks",
				);
				PRODUCT_BUNDLE_IDENTIFIER = com.sevenblox.Audience;
				PRODUCT_NAME = "$(TARGET_NAME)";
				SWIFT_VERSION = 4.2;
			};
			name = Release;
		};
/* End XCBuildConfiguration section */

/* Begin XCConfigurationList section */
		08B710F82237F1D30022CC56 /* Build configuration list for PBXProject "Audience" */ = {
			isa = XCConfigurationList;
			buildConfigurations = (
				08B711092237F1D40022CC56 /* Debug */,
				08B7110A2237F1D40022CC56 /* Release */,
			);
			defaultConfigurationIsVisible = 0;
			defaultConfigurationName = Release;
		};
		08B7110B2237F1D40022CC56 /* Build configuration list for PBXNativeTarget "Audience" */ = {
			isa = XCConfigurationList;
			buildConfigurations = (
				08B7110C2237F1D40022CC56 /* Debug */,
				08B7110D2237F1D40022CC56 /* Release */,
			);
			defaultConfigurationIsVisible = 0;
			defaultConfigurationName = Release;
		};
/* End XCConfigurationList section */
	};
	rootObject = 08B710F52237F1D30022CC56 /* Project object */;
}
